// !$*UTF8*$!
{
	archiveVersion = 1;
	classes = {
	};
	objectVersion = 46;
	objects = {

/* Begin PBXBuildFile section */
		1D3604091D5F0FE3004253C7 /* AppDelegate.swift in Sources */ = {isa = PBXBuildFile; fileRef = 1D3604081D5F0FE3004253C7 /* AppDelegate.swift */; };
		1D36040B1D5F0FE3004253C7 /* ViewController.swift in Sources */ = {isa = PBXBuildFile; fileRef = 1D36040A1D5F0FE3004253C7 /* ViewController.swift */; };
		1D36040E1D5F0FE3004253C7 /* Main.storyboard in Resources */ = {isa = PBXBuildFile; fileRef = 1D36040C1D5F0FE3004253C7 /* Main.storyboard */; };
		1D3604101D5F0FE3004253C7 /* Assets.xcassets in Resources */ = {isa = PBXBuildFile; fileRef = 1D36040F1D5F0FE3004253C7 /* Assets.xcassets */; };
		1D3604131D5F0FE3004253C7 /* LaunchScreen.storyboard in Resources */ = {isa = PBXBuildFile; fileRef = 1D3604111D5F0FE3004253C7 /* LaunchScreen.storyboard */; };
		1D36041E1D5F0FE3004253C7 /* LocationTrackerTests.swift in Sources */ = {isa = PBXBuildFile; fileRef = 1D36041D1D5F0FE3004253C7 /* LocationTrackerTests.swift */; };
		1D3604291D5F0FE4004253C7 /* LocationTrackerUITests.swift in Sources */ = {isa = PBXBuildFile; fileRef = 1D3604281D5F0FE4004253C7 /* LocationTrackerUITests.swift */; };
		1D3604371D5F1325004253C7 /* Utils.swift in Sources */ = {isa = PBXBuildFile; fileRef = 1D3604361D5F1325004253C7 /* Utils.swift */; };
		1D36043A1D5F1979004253C7 /* UserService.swift in Sources */ = {isa = PBXBuildFile; fileRef = 1D3604391D5F1979004253C7 /* UserService.swift */; };
		1D37088D1D77036300C2A637 /* ProfileTableViewCell.swift in Sources */ = {isa = PBXBuildFile; fileRef = 1D37088B1D77036300C2A637 /* ProfileTableViewCell.swift */; };
		1D37088E1D77036300C2A637 /* ProfileTableViewCell.xib in Resources */ = {isa = PBXBuildFile; fileRef = 1D37088C1D77036300C2A637 /* ProfileTableViewCell.xib */; };
		1D3708901D77081300C2A637 /* EditProfileViewController.swift in Sources */ = {isa = PBXBuildFile; fileRef = 1D37088F1D77081300C2A637 /* EditProfileViewController.swift */; };
		1D3708921D772E4700C2A637 /* Profile.swift in Sources */ = {isa = PBXBuildFile; fileRef = 1D3708911D772E4700C2A637 /* Profile.swift */; };
		1D3708941D77445D00C2A637 /* AppController.swift in Sources */ = {isa = PBXBuildFile; fileRef = 1D3708931D77445D00C2A637 /* AppController.swift */; };
		1D8A9D3D1D749C5700BBBD98 /* SideMenuTableView.swift in Sources */ = {isa = PBXBuildFile; fileRef = 1D8A9D3C1D749C5700BBBD98 /* SideMenuTableView.swift */; };
		1DCC40C51DD86DDE00B88F6C /* CreateGroupViewController.swift in Sources */ = {isa = PBXBuildFile; fileRef = 1DCC40C41DD86DDE00B88F6C /* CreateGroupViewController.swift */; };
		1DD47AE41D75D6060005A289 /* SideMenuTableViewCell.swift in Sources */ = {isa = PBXBuildFile; fileRef = 1DD47AE31D75D6060005A289 /* SideMenuTableViewCell.swift */; };
		1DD47AE61D75D69E0005A289 /* Menu.swift in Sources */ = {isa = PBXBuildFile; fileRef = 1DD47AE51D75D69E0005A289 /* Menu.swift */; };
		4D449FC1DEA18C498B4BB8CC /* Pods_LocationTracker.framework in Frameworks */ = {isa = PBXBuildFile; fileRef = E020078BB21B5066257865C6 /* Pods_LocationTracker.framework */; };
		A33896B015CEB46A0B1EEB7D /* Pods_LocationTrackerUITests.framework in Frameworks */ = {isa = PBXBuildFile; fileRef = DB29C5BCDCA4316DEC9BD3EB /* Pods_LocationTrackerUITests.framework */; };
		E1A4AA7AC1DE7539C7EAD3FC /* Pods_LocationTrackerTests.framework in Frameworks */ = {isa = PBXBuildFile; fileRef = FD376548BC2259C1FC888243 /* Pods_LocationTrackerTests.framework */; };
/* End PBXBuildFile section */

/* Begin PBXContainerItemProxy section */
		1D36041A1D5F0FE3004253C7 /* PBXContainerItemProxy */ = {
			isa = PBXContainerItemProxy;
			containerPortal = 1D3603FD1D5F0FE3004253C7 /* Project object */;
			proxyType = 1;
			remoteGlobalIDString = 1D3604041D5F0FE3004253C7;
			remoteInfo = LocationTracker;
		};
		1D3604251D5F0FE3004253C7 /* PBXContainerItemProxy */ = {
			isa = PBXContainerItemProxy;
			containerPortal = 1D3603FD1D5F0FE3004253C7 /* Project object */;
			proxyType = 1;
			remoteGlobalIDString = 1D3604041D5F0FE3004253C7;
			remoteInfo = LocationTracker;
		};
/* End PBXContainerItemProxy section */

/* Begin PBXFileReference section */
		03BCF37C68F08312F52CC13A /* Pods-LocationTracker.debug.xcconfig */ = {isa = PBXFileReference; includeInIndex = 1; lastKnownFileType = text.xcconfig; name = "Pods-LocationTracker.debug.xcconfig"; path = "Pods/Target Support Files/Pods-LocationTracker/Pods-LocationTracker.debug.xcconfig"; sourceTree = "<group>"; };
		1D3604051D5F0FE3004253C7 /* LocationTracker.app */ = {isa = PBXFileReference; explicitFileType = wrapper.application; includeInIndex = 0; path = LocationTracker.app; sourceTree = BUILT_PRODUCTS_DIR; };
		1D3604081D5F0FE3004253C7 /* AppDelegate.swift */ = {isa = PBXFileReference; lastKnownFileType = sourcecode.swift; path = AppDelegate.swift; sourceTree = "<group>"; };
		1D36040A1D5F0FE3004253C7 /* ViewController.swift */ = {isa = PBXFileReference; lastKnownFileType = sourcecode.swift; path = ViewController.swift; sourceTree = "<group>"; };
		1D36040D1D5F0FE3004253C7 /* Base */ = {isa = PBXFileReference; lastKnownFileType = file.storyboard; name = Base; path = Base.lproj/Main.storyboard; sourceTree = "<group>"; };
		1D36040F1D5F0FE3004253C7 /* Assets.xcassets */ = {isa = PBXFileReference; lastKnownFileType = folder.assetcatalog; path = Assets.xcassets; sourceTree = "<group>"; };
		1D3604121D5F0FE3004253C7 /* Base */ = {isa = PBXFileReference; lastKnownFileType = file.storyboard; name = Base; path = Base.lproj/LaunchScreen.storyboard; sourceTree = "<group>"; };
		1D3604141D5F0FE3004253C7 /* Info.plist */ = {isa = PBXFileReference; lastKnownFileType = text.plist.xml; path = Info.plist; sourceTree = "<group>"; };
		1D3604191D5F0FE3004253C7 /* LocationTrackerTests.xctest */ = {isa = PBXFileReference; explicitFileType = wrapper.cfbundle; includeInIndex = 0; path = LocationTrackerTests.xctest; sourceTree = BUILT_PRODUCTS_DIR; };
		1D36041D1D5F0FE3004253C7 /* LocationTrackerTests.swift */ = {isa = PBXFileReference; lastKnownFileType = sourcecode.swift; path = LocationTrackerTests.swift; sourceTree = "<group>"; };
		1D36041F1D5F0FE3004253C7 /* Info.plist */ = {isa = PBXFileReference; lastKnownFileType = text.plist.xml; path = Info.plist; sourceTree = "<group>"; };
		1D3604241D5F0FE3004253C7 /* LocationTrackerUITests.xctest */ = {isa = PBXFileReference; explicitFileType = wrapper.cfbundle; includeInIndex = 0; path = LocationTrackerUITests.xctest; sourceTree = BUILT_PRODUCTS_DIR; };
		1D3604281D5F0FE4004253C7 /* LocationTrackerUITests.swift */ = {isa = PBXFileReference; lastKnownFileType = sourcecode.swift; path = LocationTrackerUITests.swift; sourceTree = "<group>"; };
		1D36042A1D5F0FE4004253C7 /* Info.plist */ = {isa = PBXFileReference; lastKnownFileType = text.plist.xml; path = Info.plist; sourceTree = "<group>"; };
		1D3604361D5F1325004253C7 /* Utils.swift */ = {isa = PBXFileReference; fileEncoding = 4; lastKnownFileType = sourcecode.swift; path = Utils.swift; sourceTree = "<group>"; };
		1D3604391D5F1979004253C7 /* UserService.swift */ = {isa = PBXFileReference; fileEncoding = 4; lastKnownFileType = sourcecode.swift; path = UserService.swift; sourceTree = "<group>"; };
		1D37088B1D77036300C2A637 /* ProfileTableViewCell.swift */ = {isa = PBXFileReference; fileEncoding = 4; lastKnownFileType = sourcecode.swift; path = ProfileTableViewCell.swift; sourceTree = "<group>"; };
		1D37088C1D77036300C2A637 /* ProfileTableViewCell.xib */ = {isa = PBXFileReference; fileEncoding = 4; lastKnownFileType = file.xib; path = ProfileTableViewCell.xib; sourceTree = "<group>"; };
		1D37088F1D77081300C2A637 /* EditProfileViewController.swift */ = {isa = PBXFileReference; fileEncoding = 4; lastKnownFileType = sourcecode.swift; path = EditProfileViewController.swift; sourceTree = "<group>"; };
		1D3708911D772E4700C2A637 /* Profile.swift */ = {isa = PBXFileReference; fileEncoding = 4; lastKnownFileType = sourcecode.swift; path = Profile.swift; sourceTree = "<group>"; };
		1D3708931D77445D00C2A637 /* AppController.swift */ = {isa = PBXFileReference; fileEncoding = 4; lastKnownFileType = sourcecode.swift; path = AppController.swift; sourceTree = "<group>"; };
		1D8A9D3C1D749C5700BBBD98 /* SideMenuTableView.swift */ = {isa = PBXFileReference; fileEncoding = 4; lastKnownFileType = sourcecode.swift; path = SideMenuTableView.swift; sourceTree = "<group>"; };
		1DCC40C41DD86DDE00B88F6C /* CreateGroupViewController.swift */ = {isa = PBXFileReference; fileEncoding = 4; lastKnownFileType = sourcecode.swift; path = CreateGroupViewController.swift; sourceTree = "<group>"; };
		1DD47AE31D75D6060005A289 /* SideMenuTableViewCell.swift */ = {isa = PBXFileReference; fileEncoding = 4; lastKnownFileType = sourcecode.swift; path = SideMenuTableViewCell.swift; sourceTree = "<group>"; };
		1DD47AE51D75D69E0005A289 /* Menu.swift */ = {isa = PBXFileReference; fileEncoding = 4; lastKnownFileType = sourcecode.swift; path = Menu.swift; sourceTree = "<group>"; };
		21537721BE35A603E334C98A /* Pods-LocationTrackerTests.debug.xcconfig */ = {isa = PBXFileReference; includeInIndex = 1; lastKnownFileType = text.xcconfig; name = "Pods-LocationTrackerTests.debug.xcconfig"; path = "Pods/Target Support Files/Pods-LocationTrackerTests/Pods-LocationTrackerTests.debug.xcconfig"; sourceTree = "<group>"; };
		965E03A1AEAC3FE7982A36F4 /* Pods-LocationTrackerTests.release.xcconfig */ = {isa = PBXFileReference; includeInIndex = 1; lastKnownFileType = text.xcconfig; name = "Pods-LocationTrackerTests.release.xcconfig"; path = "Pods/Target Support Files/Pods-LocationTrackerTests/Pods-LocationTrackerTests.release.xcconfig"; sourceTree = "<group>"; };
		AC6688AC1D845A0B0080115A /* LocationTrackerBridgingHeader.h */ = {isa = PBXFileReference; fileEncoding = 4; lastKnownFileType = sourcecode.c.h; path = LocationTrackerBridgingHeader.h; sourceTree = "<group>"; };
		DB29C5BCDCA4316DEC9BD3EB /* Pods_LocationTrackerUITests.framework */ = {isa = PBXFileReference; explicitFileType = wrapper.framework; includeInIndex = 0; path = Pods_LocationTrackerUITests.framework; sourceTree = BUILT_PRODUCTS_DIR; };
		E020078BB21B5066257865C6 /* Pods_LocationTracker.framework */ = {isa = PBXFileReference; explicitFileType = wrapper.framework; includeInIndex = 0; path = Pods_LocationTracker.framework; sourceTree = BUILT_PRODUCTS_DIR; };
		EA4F9D8753062DD2E88F8D25 /* Pods-LocationTrackerUITests.debug.xcconfig */ = {isa = PBXFileReference; includeInIndex = 1; lastKnownFileType = text.xcconfig; name = "Pods-LocationTrackerUITests.debug.xcconfig"; path = "Pods/Target Support Files/Pods-LocationTrackerUITests/Pods-LocationTrackerUITests.debug.xcconfig"; sourceTree = "<group>"; };
		EC7D83E70FD1FAF10A1E4075 /* Pods-LocationTrackerUITests.release.xcconfig */ = {isa = PBXFileReference; includeInIndex = 1; lastKnownFileType = text.xcconfig; name = "Pods-LocationTrackerUITests.release.xcconfig"; path = "Pods/Target Support Files/Pods-LocationTrackerUITests/Pods-LocationTrackerUITests.release.xcconfig"; sourceTree = "<group>"; };
		ED4A54098C1D938EBB4BAC62 /* Pods-LocationTracker.release.xcconfig */ = {isa = PBXFileReference; includeInIndex = 1; lastKnownFileType = text.xcconfig; name = "Pods-LocationTracker.release.xcconfig"; path = "Pods/Target Support Files/Pods-LocationTracker/Pods-LocationTracker.release.xcconfig"; sourceTree = "<group>"; };
		FD376548BC2259C1FC888243 /* Pods_LocationTrackerTests.framework */ = {isa = PBXFileReference; explicitFileType = wrapper.framework; includeInIndex = 0; path = Pods_LocationTrackerTests.framework; sourceTree = BUILT_PRODUCTS_DIR; };
/* End PBXFileReference section */

/* Begin PBXFrameworksBuildPhase section */
		1D3604021D5F0FE3004253C7 /* Frameworks */ = {
			isa = PBXFrameworksBuildPhase;
			buildActionMask = 2147483647;
			files = (
				4D449FC1DEA18C498B4BB8CC /* Pods_LocationTracker.framework in Frameworks */,
			);
			runOnlyForDeploymentPostprocessing = 0;
		};
		1D3604161D5F0FE3004253C7 /* Frameworks */ = {
			isa = PBXFrameworksBuildPhase;
			buildActionMask = 2147483647;
			files = (
				E1A4AA7AC1DE7539C7EAD3FC /* Pods_LocationTrackerTests.framework in Frameworks */,
			);
			runOnlyForDeploymentPostprocessing = 0;
		};
		1D3604211D5F0FE3004253C7 /* Frameworks */ = {
			isa = PBXFrameworksBuildPhase;
			buildActionMask = 2147483647;
			files = (
				A33896B015CEB46A0B1EEB7D /* Pods_LocationTrackerUITests.framework in Frameworks */,
			);
			runOnlyForDeploymentPostprocessing = 0;
		};
/* End PBXFrameworksBuildPhase section */

/* Begin PBXGroup section */
		1D3603FC1D5F0FE3004253C7 = {
			isa = PBXGroup;
			children = (
				1D3604071D5F0FE3004253C7 /* LocationTracker */,
				1D36041C1D5F0FE3004253C7 /* LocationTrackerTests */,
				1D3604271D5F0FE3004253C7 /* LocationTrackerUITests */,
				1D3604061D5F0FE3004253C7 /* Products */,
				F0763B99FE7002B7A11885B6 /* Pods */,
				2490B4CF35E2F674E1B9AE56 /* Frameworks */,
			);
			sourceTree = "<group>";
		};
		1D3604061D5F0FE3004253C7 /* Products */ = {
			isa = PBXGroup;
			children = (
				1D3604051D5F0FE3004253C7 /* LocationTracker.app */,
				1D3604191D5F0FE3004253C7 /* LocationTrackerTests.xctest */,
				1D3604241D5F0FE3004253C7 /* LocationTrackerUITests.xctest */,
			);
			name = Products;
			sourceTree = "<group>";
		};
		1D3604071D5F0FE3004253C7 /* LocationTracker */ = {
			isa = PBXGroup;
			children = (
				1D3604381D5F1961004253C7 /* Services */,
				1D3604081D5F0FE3004253C7 /* AppDelegate.swift */,
				1D8A9D3C1D749C5700BBBD98 /* SideMenuTableView.swift */,
				1D36040A1D5F0FE3004253C7 /* ViewController.swift */,
				1D36040C1D5F0FE3004253C7 /* Main.storyboard */,
				1DCC40C41DD86DDE00B88F6C /* CreateGroupViewController.swift */,
				1DD47AE31D75D6060005A289 /* SideMenuTableViewCell.swift */,
				1D36040F1D5F0FE3004253C7 /* Assets.xcassets */,
				1D3604111D5F0FE3004253C7 /* LaunchScreen.storyboard */,
				1D3604141D5F0FE3004253C7 /* Info.plist */,
				1D3604361D5F1325004253C7 /* Utils.swift */,
				1D37088B1D77036300C2A637 /* ProfileTableViewCell.swift */,
				1D37088C1D77036300C2A637 /* ProfileTableViewCell.xib */,
				1D37088F1D77081300C2A637 /* EditProfileViewController.swift */,
				AC6688AC1D845A0B0080115A /* LocationTrackerBridgingHeader.h */,
			);
			path = LocationTracker;
			sourceTree = "<group>";
		};
		1D36041C1D5F0FE3004253C7 /* LocationTrackerTests */ = {
			isa = PBXGroup;
			children = (
				1D36041D1D5F0FE3004253C7 /* LocationTrackerTests.swift */,
				1D36041F1D5F0FE3004253C7 /* Info.plist */,
			);
			path = LocationTrackerTests;
			sourceTree = "<group>";
		};
		1D3604271D5F0FE3004253C7 /* LocationTrackerUITests */ = {
			isa = PBXGroup;
			children = (
				1D3604281D5F0FE4004253C7 /* LocationTrackerUITests.swift */,
				1D36042A1D5F0FE4004253C7 /* Info.plist */,
			);
			path = LocationTrackerUITests;
			sourceTree = "<group>";
		};
		1D3604381D5F1961004253C7 /* Services */ = {
			isa = PBXGroup;
			children = (
				1D3604391D5F1979004253C7 /* UserService.swift */,
				1D3708931D77445D00C2A637 /* AppController.swift */,
				1D3708911D772E4700C2A637 /* Profile.swift */,
				1DD47AE51D75D69E0005A289 /* Menu.swift */,
			);
			name = Services;
			sourceTree = "<group>";
		};
		2490B4CF35E2F674E1B9AE56 /* Frameworks */ = {
			isa = PBXGroup;
			children = (
				E020078BB21B5066257865C6 /* Pods_LocationTracker.framework */,
				FD376548BC2259C1FC888243 /* Pods_LocationTrackerTests.framework */,
				DB29C5BCDCA4316DEC9BD3EB /* Pods_LocationTrackerUITests.framework */,
			);
			name = Frameworks;
			sourceTree = "<group>";
		};
		F0763B99FE7002B7A11885B6 /* Pods */ = {
			isa = PBXGroup;
			children = (
				03BCF37C68F08312F52CC13A /* Pods-LocationTracker.debug.xcconfig */,
				ED4A54098C1D938EBB4BAC62 /* Pods-LocationTracker.release.xcconfig */,
				21537721BE35A603E334C98A /* Pods-LocationTrackerTests.debug.xcconfig */,
				965E03A1AEAC3FE7982A36F4 /* Pods-LocationTrackerTests.release.xcconfig */,
				EA4F9D8753062DD2E88F8D25 /* Pods-LocationTrackerUITests.debug.xcconfig */,
				EC7D83E70FD1FAF10A1E4075 /* Pods-LocationTrackerUITests.release.xcconfig */,
			);
			name = Pods;
			sourceTree = "<group>";
		};
/* End PBXGroup section */

/* Begin PBXNativeTarget section */
		1D3604041D5F0FE3004253C7 /* LocationTracker */ = {
			isa = PBXNativeTarget;
			buildConfigurationList = 1D36042D1D5F0FE4004253C7 /* Build configuration list for PBXNativeTarget "LocationTracker" */;
			buildPhases = (
				C2E93CFF0ED8114B0AC3167B /* [CP] Check Pods Manifest.lock */,
				1D3604011D5F0FE3004253C7 /* Sources */,
				1D3604021D5F0FE3004253C7 /* Frameworks */,
				1D3604031D5F0FE3004253C7 /* Resources */,
				DFF8965ED3BEFAD0FE9971A4 /* [CP] Embed Pods Frameworks */,
				3A8E1C739A4C63B22AB94530 /* [CP] Copy Pods Resources */,
				D7441004FCDDBE065F50B619 /* Embed Pods Frameworks */,
			);
			buildRules = (
			);
			dependencies = (
			);
			name = LocationTracker;
			productName = LocationTracker;
			productReference = 1D3604051D5F0FE3004253C7 /* LocationTracker.app */;
			productType = "com.apple.product-type.application";
		};
		1D3604181D5F0FE3004253C7 /* LocationTrackerTests */ = {
			isa = PBXNativeTarget;
			buildConfigurationList = 1D3604301D5F0FE4004253C7 /* Build configuration list for PBXNativeTarget "LocationTrackerTests" */;
			buildPhases = (
				003738226738A935B2C6E077 /* [CP] Check Pods Manifest.lock */,
				1D3604151D5F0FE3004253C7 /* Sources */,
				1D3604161D5F0FE3004253C7 /* Frameworks */,
				1D3604171D5F0FE3004253C7 /* Resources */,
				6D8F4FDB7A80482F81570891 /* [CP] Embed Pods Frameworks */,
				714BE903E5966C720FE59D04 /* [CP] Copy Pods Resources */,
			);
			buildRules = (
			);
			dependencies = (
				1D36041B1D5F0FE3004253C7 /* PBXTargetDependency */,
			);
			name = LocationTrackerTests;
			productName = LocationTrackerTests;
			productReference = 1D3604191D5F0FE3004253C7 /* LocationTrackerTests.xctest */;
			productType = "com.apple.product-type.bundle.unit-test";
		};
		1D3604231D5F0FE3004253C7 /* LocationTrackerUITests */ = {
			isa = PBXNativeTarget;
			buildConfigurationList = 1D3604331D5F0FE4004253C7 /* Build configuration list for PBXNativeTarget "LocationTrackerUITests" */;
			buildPhases = (
				69244CA9F49C766A4E1C9287 /* [CP] Check Pods Manifest.lock */,
				1D3604201D5F0FE3004253C7 /* Sources */,
				1D3604211D5F0FE3004253C7 /* Frameworks */,
				1D3604221D5F0FE3004253C7 /* Resources */,
				200B976C77619EB7832C817B /* [CP] Copy Pods Resources */,
			);
			buildRules = (
			);
			dependencies = (
				1D3604261D5F0FE3004253C7 /* PBXTargetDependency */,
			);
			name = LocationTrackerUITests;
			productName = LocationTrackerUITests;
			productReference = 1D3604241D5F0FE3004253C7 /* LocationTrackerUITests.xctest */;
			productType = "com.apple.product-type.bundle.ui-testing";
		};
/* End PBXNativeTarget section */

/* Begin PBXProject section */
		1D3603FD1D5F0FE3004253C7 /* Project object */ = {
			isa = PBXProject;
			attributes = {
				LastSwiftUpdateCheck = 0730;
				LastUpgradeCheck = 0730;
				ORGANIZATIONNAME = "Hoang Thu Trang";
				TargetAttributes = {
					1D3604041D5F0FE3004253C7 = {
						CreatedOnToolsVersion = 7.3.1;
						DevelopmentTeam = 72224RKB75;
					};
					1D3604181D5F0FE3004253C7 = {
						CreatedOnToolsVersion = 7.3.1;
						TestTargetID = 1D3604041D5F0FE3004253C7;
					};
					1D3604231D5F0FE3004253C7 = {
						CreatedOnToolsVersion = 7.3.1;
						TestTargetID = 1D3604041D5F0FE3004253C7;
					};
				};
			};
			buildConfigurationList = 1D3604001D5F0FE3004253C7 /* Build configuration list for PBXProject "LocationTracker" */;
			compatibilityVersion = "Xcode 3.2";
			developmentRegion = English;
			hasScannedForEncodings = 0;
			knownRegions = (
				en,
				Base,
			);
			mainGroup = 1D3603FC1D5F0FE3004253C7;
			productRefGroup = 1D3604061D5F0FE3004253C7 /* Products */;
			projectDirPath = "";
			projectRoot = "";
			targets = (
				1D3604041D5F0FE3004253C7 /* LocationTracker */,
				1D3604181D5F0FE3004253C7 /* LocationTrackerTests */,
				1D3604231D5F0FE3004253C7 /* LocationTrackerUITests */,
			);
		};
/* End PBXProject section */

/* Begin PBXResourcesBuildPhase section */
		1D3604031D5F0FE3004253C7 /* Resources */ = {
			isa = PBXResourcesBuildPhase;
			buildActionMask = 2147483647;
			files = (
				1D3604131D5F0FE3004253C7 /* LaunchScreen.storyboard in Resources */,
				1D37088E1D77036300C2A637 /* ProfileTableViewCell.xib in Resources */,
				1D3604101D5F0FE3004253C7 /* Assets.xcassets in Resources */,
				1D36040E1D5F0FE3004253C7 /* Main.storyboard in Resources */,
			);
			runOnlyForDeploymentPostprocessing = 0;
		};
		1D3604171D5F0FE3004253C7 /* Resources */ = {
			isa = PBXResourcesBuildPhase;
			buildActionMask = 2147483647;
			files = (
			);
			runOnlyForDeploymentPostprocessing = 0;
		};
		1D3604221D5F0FE3004253C7 /* Resources */ = {
			isa = PBXResourcesBuildPhase;
			buildActionMask = 2147483647;
			files = (
			);
			runOnlyForDeploymentPostprocessing = 0;
		};
/* End PBXResourcesBuildPhase section */

/* Begin PBXShellScriptBuildPhase section */
		003738226738A935B2C6E077 /* [CP] Check Pods Manifest.lock */ = {
			isa = PBXShellScriptBuildPhase;
			buildActionMask = 2147483647;
			files = (
			);
			inputPaths = (
			);
			name = "[CP] Check Pods Manifest.lock";
			outputPaths = (
			);
			runOnlyForDeploymentPostprocessing = 0;
			shellPath = /bin/sh;
			shellScript = "diff \"${PODS_ROOT}/../Podfile.lock\" \"${PODS_ROOT}/Manifest.lock\" > /dev/null\nif [[ $? != 0 ]] ; then\n    cat << EOM\nerror: The sandbox is not in sync with the Podfile.lock. Run 'pod install' or update your CocoaPods installation.\nEOM\n    exit 1\nfi\n";
			showEnvVarsInLog = 0;
		};
		200B976C77619EB7832C817B /* [CP] Copy Pods Resources */ = {
			isa = PBXShellScriptBuildPhase;
			buildActionMask = 2147483647;
			files = (
			);
			inputPaths = (
			);
			name = "[CP] Copy Pods Resources";
			outputPaths = (
			);
			runOnlyForDeploymentPostprocessing = 0;
			shellPath = /bin/sh;
			shellScript = "\"${SRCROOT}/Pods/Target Support Files/Pods-LocationTrackerUITests/Pods-LocationTrackerUITests-resources.sh\"\n";
			showEnvVarsInLog = 0;
		};
		3A8E1C739A4C63B22AB94530 /* [CP] Copy Pods Resources */ = {
			isa = PBXShellScriptBuildPhase;
			buildActionMask = 2147483647;
			files = (
			);
			inputPaths = (
			);
			name = "[CP] Copy Pods Resources";
			outputPaths = (
			);
			runOnlyForDeploymentPostprocessing = 0;
			shellPath = /bin/sh;
			shellScript = "\"${SRCROOT}/Pods/Target Support Files/Pods-LocationTracker/Pods-LocationTracker-resources.sh\"\n";
			showEnvVarsInLog = 0;
		};
		69244CA9F49C766A4E1C9287 /* [CP] Check Pods Manifest.lock */ = {
			isa = PBXShellScriptBuildPhase;
			buildActionMask = 2147483647;
			files = (
			);
			inputPaths = (
			);
			name = "[CP] Check Pods Manifest.lock";
			outputPaths = (
			);
			runOnlyForDeploymentPostprocessing = 0;
			shellPath = /bin/sh;
			shellScript = "diff \"${PODS_ROOT}/../Podfile.lock\" \"${PODS_ROOT}/Manifest.lock\" > /dev/null\nif [[ $? != 0 ]] ; then\n    cat << EOM\nerror: The sandbox is not in sync with the Podfile.lock. Run 'pod install' or update your CocoaPods installation.\nEOM\n    exit 1\nfi\n";
			showEnvVarsInLog = 0;
		};
		6D8F4FDB7A80482F81570891 /* [CP] Embed Pods Frameworks */ = {
			isa = PBXShellScriptBuildPhase;
			buildActionMask = 2147483647;
			files = (
			);
			inputPaths = (
			);
			name = "[CP] Embed Pods Frameworks";
			outputPaths = (
			);
			runOnlyForDeploymentPostprocessing = 0;
			shellPath = /bin/sh;
			shellScript = "\"${SRCROOT}/Pods/Target Support Files/Pods-LocationTrackerTests/Pods-LocationTrackerTests-frameworks.sh\"\n";
			showEnvVarsInLog = 0;
		};
		714BE903E5966C720FE59D04 /* [CP] Copy Pods Resources */ = {
			isa = PBXShellScriptBuildPhase;
			buildActionMask = 2147483647;
			files = (
			);
			inputPaths = (
			);
			name = "[CP] Copy Pods Resources";
			outputPaths = (
			);
			runOnlyForDeploymentPostprocessing = 0;
			shellPath = /bin/sh;
			shellScript = "\"${SRCROOT}/Pods/Target Support Files/Pods-LocationTrackerTests/Pods-LocationTrackerTests-resources.sh\"\n";
			showEnvVarsInLog = 0;
		};
		C2E93CFF0ED8114B0AC3167B /* [CP] Check Pods Manifest.lock */ = {
			isa = PBXShellScriptBuildPhase;
			buildActionMask = 2147483647;
			files = (
			);
			inputPaths = (
			);
			name = "[CP] Check Pods Manifest.lock";
			outputPaths = (
			);
			runOnlyForDeploymentPostprocessing = 0;
			shellPath = /bin/sh;
			shellScript = "diff \"${PODS_ROOT}/../Podfile.lock\" \"${PODS_ROOT}/Manifest.lock\" > /dev/null\nif [[ $? != 0 ]] ; then\n    cat << EOM\nerror: The sandbox is not in sync with the Podfile.lock. Run 'pod install' or update your CocoaPods installation.\nEOM\n    exit 1\nfi\n";
			showEnvVarsInLog = 0;
		};
		D7441004FCDDBE065F50B619 /* Embed Pods Frameworks */ = {
			isa = PBXShellScriptBuildPhase;
			buildActionMask = 2147483647;
			files = (
			);
			inputPaths = (
			);
			name = "Embed Pods Frameworks";
			outputPaths = (
			);
			runOnlyForDeploymentPostprocessing = 0;
			shellPath = /bin/sh;
			shellScript = "\"${SRCROOT}/Pods/Target Support Files/Pods-LocationTracker/Pods-LocationTracker-frameworks.sh\"\n";
			showEnvVarsInLog = 0;
		};
		DFF8965ED3BEFAD0FE9971A4 /* [CP] Embed Pods Frameworks */ = {
			isa = PBXShellScriptBuildPhase;
			buildActionMask = 2147483647;
			files = (
			);
			inputPaths = (
			);
			name = "[CP] Embed Pods Frameworks";
			outputPaths = (
			);
			runOnlyForDeploymentPostprocessing = 0;
			shellPath = /bin/sh;
			shellScript = "\"${SRCROOT}/Pods/Target Support Files/Pods-LocationTracker/Pods-LocationTracker-frameworks.sh\"\n";
			showEnvVarsInLog = 0;
		};
/* End PBXShellScriptBuildPhase section */

/* Begin PBXSourcesBuildPhase section */
		1D3604011D5F0FE3004253C7 /* Sources */ = {
			isa = PBXSourcesBuildPhase;
			buildActionMask = 2147483647;
			files = (
				1D8A9D3D1D749C5700BBBD98 /* SideMenuTableView.swift in Sources */,
				1D3708921D772E4700C2A637 /* Profile.swift in Sources */,
				1D37088D1D77036300C2A637 /* ProfileTableViewCell.swift in Sources */,
				1D36043A1D5F1979004253C7 /* UserService.swift in Sources */,
				1DD47AE61D75D69E0005A289 /* Menu.swift in Sources */,
				1D3708941D77445D00C2A637 /* AppController.swift in Sources */,
				1D36040B1D5F0FE3004253C7 /* ViewController.swift in Sources */,
				1DD47AE41D75D6060005A289 /* SideMenuTableViewCell.swift in Sources */,
				1D3604091D5F0FE3004253C7 /* AppDelegate.swift in Sources */,
				1DCC40C51DD86DDE00B88F6C /* CreateGroupViewController.swift in Sources */,
				1D3604371D5F1325004253C7 /* Utils.swift in Sources */,
				1D3708901D77081300C2A637 /* EditProfileViewController.swift in Sources */,
			);
			runOnlyForDeploymentPostprocessing = 0;
		};
		1D3604151D5F0FE3004253C7 /* Sources */ = {
			isa = PBXSourcesBuildPhase;
			buildActionMask = 2147483647;
			files = (
				1D36041E1D5F0FE3004253C7 /* LocationTrackerTests.swift in Sources */,
			);
			runOnlyForDeploymentPostprocessing = 0;
		};
		1D3604201D5F0FE3004253C7 /* Sources */ = {
			isa = PBXSourcesBuildPhase;
			buildActionMask = 2147483647;
			files = (
				1D3604291D5F0FE4004253C7 /* LocationTrackerUITests.swift in Sources */,
			);
			runOnlyForDeploymentPostprocessing = 0;
		};
/* End PBXSourcesBuildPhase section */

/* Begin PBXTargetDependency section */
		1D36041B1D5F0FE3004253C7 /* PBXTargetDependency */ = {
			isa = PBXTargetDependency;
			target = 1D3604041D5F0FE3004253C7 /* LocationTracker */;
			targetProxy = 1D36041A1D5F0FE3004253C7 /* PBXContainerItemProxy */;
		};
		1D3604261D5F0FE3004253C7 /* PBXTargetDependency */ = {
			isa = PBXTargetDependency;
			target = 1D3604041D5F0FE3004253C7 /* LocationTracker */;
			targetProxy = 1D3604251D5F0FE3004253C7 /* PBXContainerItemProxy */;
		};
/* End PBXTargetDependency section */

/* Begin PBXVariantGroup section */
		1D36040C1D5F0FE3004253C7 /* Main.storyboard */ = {
			isa = PBXVariantGroup;
			children = (
				1D36040D1D5F0FE3004253C7 /* Base */,
			);
			name = Main.storyboard;
			sourceTree = "<group>";
		};
		1D3604111D5F0FE3004253C7 /* LaunchScreen.storyboard */ = {
			isa = PBXVariantGroup;
			children = (
				1D3604121D5F0FE3004253C7 /* Base */,
			);
			name = LaunchScreen.storyboard;
			sourceTree = "<group>";
		};
/* End PBXVariantGroup section */

/* Begin XCBuildConfiguration section */
		1D36042B1D5F0FE4004253C7 /* Debug */ = {
			isa = XCBuildConfiguration;
			buildSettings = {
				ALWAYS_SEARCH_USER_PATHS = NO;
				CLANG_ANALYZER_NONNULL = YES;
				CLANG_CXX_LANGUAGE_STANDARD = "gnu++0x";
				CLANG_CXX_LIBRARY = "libc++";
				CLANG_ENABLE_MODULES = YES;
				CLANG_ENABLE_OBJC_ARC = YES;
				CLANG_WARN_BOOL_CONVERSION = YES;
				CLANG_WARN_CONSTANT_CONVERSION = YES;
				CLANG_WARN_DIRECT_OBJC_ISA_USAGE = YES_ERROR;
				CLANG_WARN_EMPTY_BODY = YES;
				CLANG_WARN_ENUM_CONVERSION = YES;
				CLANG_WARN_INT_CONVERSION = YES;
				CLANG_WARN_OBJC_ROOT_CLASS = YES_ERROR;
				CLANG_WARN_UNREACHABLE_CODE = YES;
				CLANG_WARN__DUPLICATE_METHOD_MATCH = YES;
				"CODE_SIGN_IDENTITY[sdk=iphoneos*]" = "iPhone Developer";
				COPY_PHASE_STRIP = NO;
				DEBUG_INFORMATION_FORMAT = dwarf;
				ENABLE_STRICT_OBJC_MSGSEND = YES;
				ENABLE_TESTABILITY = YES;
				GCC_C_LANGUAGE_STANDARD = gnu99;
				GCC_DYNAMIC_NO_PIC = NO;
				GCC_NO_COMMON_BLOCKS = YES;
				GCC_OPTIMIZATION_LEVEL = 0;
				GCC_PREPROCESSOR_DEFINITIONS = (
					"DEBUG=1",
					"$(inherited)",
				);
				GCC_WARN_64_TO_32_BIT_CONVERSION = YES;
				GCC_WARN_ABOUT_RETURN_TYPE = YES_ERROR;
				GCC_WARN_UNDECLARED_SELECTOR = YES;
				GCC_WARN_UNINITIALIZED_AUTOS = YES_AGGRESSIVE;
				GCC_WARN_UNUSED_FUNCTION = YES;
				GCC_WARN_UNUSED_VARIABLE = YES;
				IPHONEOS_DEPLOYMENT_TARGET = 9.3;
				MTL_ENABLE_DEBUG_INFO = YES;
				ONLY_ACTIVE_ARCH = YES;
				SDKROOT = iphoneos;
				SWIFT_OPTIMIZATION_LEVEL = "-Onone";
				TARGETED_DEVICE_FAMILY = "1,2";
			};
			name = Debug;
		};
		1D36042C1D5F0FE4004253C7 /* Release */ = {
			isa = XCBuildConfiguration;
			buildSettings = {
				ALWAYS_SEARCH_USER_PATHS = NO;
				CLANG_ANALYZER_NONNULL = YES;
				CLANG_CXX_LANGUAGE_STANDARD = "gnu++0x";
				CLANG_CXX_LIBRARY = "libc++";
				CLANG_ENABLE_MODULES = YES;
				CLANG_ENABLE_OBJC_ARC = YES;
				CLANG_WARN_BOOL_CONVERSION = YES;
				CLANG_WARN_CONSTANT_CONVERSION = YES;
				CLANG_WARN_DIRECT_OBJC_ISA_USAGE = YES_ERROR;
				CLANG_WARN_EMPTY_BODY = YES;
				CLANG_WARN_ENUM_CONVERSION = YES;
				CLANG_WARN_INT_CONVERSION = YES;
				CLANG_WARN_OBJC_ROOT_CLASS = YES_ERROR;
				CLANG_WARN_UNREACHABLE_CODE = YES;
				CLANG_WARN__DUPLICATE_METHOD_MATCH = YES;
				"CODE_SIGN_IDENTITY[sdk=iphoneos*]" = "iPhone Developer";
				COPY_PHASE_STRIP = NO;
				DEBUG_INFORMATION_FORMAT = "dwarf-with-dsym";
				ENABLE_NS_ASSERTIONS = NO;
				ENABLE_STRICT_OBJC_MSGSEND = YES;
				GCC_C_LANGUAGE_STANDARD = gnu99;
				GCC_NO_COMMON_BLOCKS = YES;
				GCC_WARN_64_TO_32_BIT_CONVERSION = YES;
				GCC_WARN_ABOUT_RETURN_TYPE = YES_ERROR;
				GCC_WARN_UNDECLARED_SELECTOR = YES;
				GCC_WARN_UNINITIALIZED_AUTOS = YES_AGGRESSIVE;
				GCC_WARN_UNUSED_FUNCTION = YES;
				GCC_WARN_UNUSED_VARIABLE = YES;
				IPHONEOS_DEPLOYMENT_TARGET = 9.3;
				MTL_ENABLE_DEBUG_INFO = NO;
				SDKROOT = iphoneos;
				TARGETED_DEVICE_FAMILY = "1,2";
				VALIDATE_PRODUCT = YES;
			};
			name = Release;
		};
		1D36042E1D5F0FE4004253C7 /* Debug */ = {
			isa = XCBuildConfiguration;
			baseConfigurationReference = 03BCF37C68F08312F52CC13A /* Pods-LocationTracker.debug.xcconfig */;
			buildSettings = {
				ASSETCATALOG_COMPILER_APPICON_NAME = AppIcon;
				CODE_SIGN_IDENTITY = "iPhone Developer";
				"CODE_SIGN_IDENTITY[sdk=iphoneos*]" = "iPhone Developer";
				INFOPLIST_FILE = LocationTracker/Info.plist;
				LD_RUNPATH_SEARCH_PATHS = "$(inherited) @executable_path/Frameworks";
				PRODUCT_BUNDLE_IDENTIFIER = tranght.LocationTracker;
				PRODUCT_NAME = "$(TARGET_NAME)";
				PROVISIONING_PROFILE = "";
				SWIFT_OBJC_BRIDGING_HEADER = "$(SRCROOT)/LocationTracker/LocationTrackerBridgingHeader.h";
				USER_HEADER_SEARCH_PATHS = "Pods/**";
			};
			name = Debug;
		};
		1D36042F1D5F0FE4004253C7 /* Release */ = {
			isa = XCBuildConfiguration;
			baseConfigurationReference = ED4A54098C1D938EBB4BAC62 /* Pods-LocationTracker.release.xcconfig */;
			buildSettings = {
				ASSETCATALOG_COMPILER_APPICON_NAME = AppIcon;
				CODE_SIGN_IDENTITY = "iPhone Developer";
				"CODE_SIGN_IDENTITY[sdk=iphoneos*]" = "iPhone Developer";
				INFOPLIST_FILE = LocationTracker/Info.plist;
				LD_RUNPATH_SEARCH_PATHS = "$(inherited) @executable_path/Frameworks";
				PRODUCT_BUNDLE_IDENTIFIER = tranght.LocationTracker;
				PRODUCT_NAME = "$(TARGET_NAME)";
				PROVISIONING_PROFILE = "";
				SWIFT_OBJC_BRIDGING_HEADER = "$(SRCROOT)/LocationTracker/LocationTrackerBridgingHeader.h";
				USER_HEADER_SEARCH_PATHS = "Pods/**";
			};
			name = Release;
		};
		1D3604311D5F0FE4004253C7 /* Debug */ = {
			isa = XCBuildConfiguration;
			baseConfigurationReference = 21537721BE35A603E334C98A /* Pods-LocationTrackerTests.debug.xcconfig */;
			buildSettings = {
				BUNDLE_LOADER = "$(TEST_HOST)";
				INFOPLIST_FILE = LocationTrackerTests/Info.plist;
				LD_RUNPATH_SEARCH_PATHS = "$(inherited) @executable_path/Frameworks @loader_path/Frameworks";
				PRODUCT_BUNDLE_IDENTIFIER = tranght.LocationTrackerTests;
				PRODUCT_NAME = "$(TARGET_NAME)";
				TEST_HOST = "$(BUILT_PRODUCTS_DIR)/LocationTracker.app/LocationTracker";
			};
			name = Debug;
		};
		1D3604321D5F0FE4004253C7 /* Release */ = {
			isa = XCBuildConfiguration;
			baseConfigurationReference = 965E03A1AEAC3FE7982A36F4 /* Pods-LocationTrackerTests.release.xcconfig */;
			buildSettings = {
				BUNDLE_LOADER = "$(TEST_HOST)";
				INFOPLIST_FILE = LocationTrackerTests/Info.plist;
				LD_RUNPATH_SEARCH_PATHS = "$(inherited) @executable_path/Frameworks @loader_path/Frameworks";
				PRODUCT_BUNDLE_IDENTIFIER = tranght.LocationTrackerTests;
				PRODUCT_NAME = "$(TARGET_NAME)";
				TEST_HOST = "$(BUILT_PRODUCTS_DIR)/LocationTracker.app/LocationTracker";
			};
			name = Release;
		};
		1D3604341D5F0FE4004253C7 /* Debug */ = {
			isa = XCBuildConfiguration;
			baseConfigurationReference = EA4F9D8753062DD2E88F8D25 /* Pods-LocationTrackerUITests.debug.xcconfig */;
			buildSettings = {
				INFOPLIST_FILE = LocationTrackerUITests/Info.plist;
				LD_RUNPATH_SEARCH_PATHS = "$(inherited) @executable_path/Frameworks @loader_path/Frameworks";
				PRODUCT_BUNDLE_IDENTIFIER = tranght.LocationTrackerUITests;
				PRODUCT_NAME = "$(TARGET_NAME)";
				TEST_TARGET_NAME = LocationTracker;
			};
			name = Debug;
		};
		1D3604351D5F0FE4004253C7 /* Release */ = {
			isa = XCBuildConfiguration;
			baseConfigurationReference = EC7D83E70FD1FAF10A1E4075 /* Pods-LocationTrackerUITests.release.xcconfig */;
			buildSettings = {
				INFOPLIST_FILE = LocationTrackerUITests/Info.plist;
				LD_RUNPATH_SEARCH_PATHS = "$(inherited) @executable_path/Frameworks @loader_path/Frameworks";
				PRODUCT_BUNDLE_IDENTIFIER = tranght.LocationTrackerUITests;
				PRODUCT_NAME = "$(TARGET_NAME)";
				TEST_TARGET_NAME = LocationTracker;
			};
			name = Release;
		};
/* End XCBuildConfiguration section */

/* Begin XCConfigurationList section */
		1D3604001D5F0FE3004253C7 /* Build configuration list for PBXProject "LocationTracker" */ = {
			isa = XCConfigurationList;
			buildConfigurations = (
				1D36042B1D5F0FE4004253C7 /* Debug */,
				1D36042C1D5F0FE4004253C7 /* Release */,
			);
			defaultConfigurationIsVisible = 0;
			defaultConfigurationName = Release;
		};
		1D36042D1D5F0FE4004253C7 /* Build configuration list for PBXNativeTarget "LocationTracker" */ = {
			isa = XCConfigurationList;
			buildConfigurations = (
				1D36042E1D5F0FE4004253C7 /* Debug */,
				1D36042F1D5F0FE4004253C7 /* Release */,
			);
			defaultConfigurationIsVisible = 0;
			defaultConfigurationName = Release;
		};
		1D3604301D5F0FE4004253C7 /* Build configuration list for PBXNativeTarget "LocationTrackerTests" */ = {
			isa = XCConfigurationList;
			buildConfigurations = (
				1D3604311D5F0FE4004253C7 /* Debug */,
				1D3604321D5F0FE4004253C7 /* Release */,
			);
			defaultConfigurationIsVisible = 0;
			defaultConfigurationName = Release;
		};
		1D3604331D5F0FE4004253C7 /* Build configuration list for PBXNativeTarget "LocationTrackerUITests" */ = {
			isa = XCConfigurationList;
			buildConfigurations = (
				1D3604341D5F0FE4004253C7 /* Debug */,
				1D3604351D5F0FE4004253C7 /* Release */,
			);
			defaultConfigurationIsVisible = 0;
			defaultConfigurationName = Release;
		};
/* End XCConfigurationList section */
	};
	rootObject = 1D3603FD1D5F0FE3004253C7 /* Project object */;
}
